
Microsoft Visual Studio Solution File, Format Version 12.00
# Visual Studio 14
VisualStudioVersion = 14.0.25420.1
MinimumVisualStudioVersion = 10.0.40219.1
Project("{FAE04EC0-301F-11D3-BF4B-00C04F79EFBC}") = "MonteHalo", "MonteHalo\MonteHalo.csproj", "{C5C5DBDA-9279-423F-9818-C0B8FDEA8A30}"
EndProject
Project("{FAE04EC0-301F-11D3-BF4B-00C04F79EFBC}") = "Computation", "Computation\Computation.csproj", "{B837829E-F2FA-43F5-AC1B-4ECA9F35202D}"
EndProject
Project("{FAE04EC0-301F-11D3-BF4B-00C04F79EFBC}") = "Plotting", "Plotting\Plotting.csproj", "{F09AEE0C-C66F-49C4-BB00-51210BA5EB1E}"
EndProject
Project("{FAE04EC0-301F-11D3-BF4B-00C04F79EFBC}") = "Tests", "Tests\Tests.csproj", "{CA331B8A-C537-47AC-9018-FB40D9F90E5E}"
EndProject
Project("{FAE04EC0-301F-11D3-BF4B-00C04F79EFBC}") = "UWPSharpDXViewport", "UWPSharpDXViewport\UWPSharpDXViewport.csproj", "{646248E6-FB3E-4354-B8C4-2C81A219CD50}"
EndProject
Project("{FAE04EC0-301F-11D3-BF4B-00C04F79EFBC}") = "Graphics", "Graphics\Graphics.csproj", "{2F5F2F93-92CC-4B3B-914D-2EC8D0CFC4BA}"
EndProject
Global
	GlobalSection(SolutionConfigurationPlatforms) = preSolution
		Debug|Any CPU = Debug|Any CPU
		Debug|ARM = Debug|ARM
		Debug|x64 = Debug|x64
		Debug|x86 = Debug|x86
		Release|Any CPU = Release|Any CPU
		Release|ARM = Release|ARM
		Release|x64 = Release|x64
		Release|x86 = Release|x86
	EndGlobalSection
	GlobalSection(ProjectConfigurationPlatforms) = postSolution
		{C5C5DBDA-9279-423F-9818-C0B8FDEA8A30}.Debug|Any CPU.ActiveCfg = Debug|x86
		{C5C5DBDA-9279-423F-9818-C0B8FDEA8A30}.Debug|ARM.ActiveCfg = Debug|ARM
		{C5C5DBDA-9279-423F-9818-C0B8FDEA8A30}.Debug|ARM.Build.0 = Debug|ARM
		{C5C5DBDA-9279-423F-9818-C0B8FDEA8A30}.Debug|ARM.Deploy.0 = Debug|ARM
		{C5C5DBDA-9279-423F-9818-C0B8FDEA8A30}.Debug|x64.ActiveCfg = Debug|x64
		{C5C5DBDA-9279-423F-9818-C0B8FDEA8A30}.Debug|x64.Build.0 = Debug|x64
		{C5C5DBDA-9279-423F-9818-C0B8FDEA8A30}.Debug|x64.Deploy.0 = Debug|x64
		{C5C5DBDA-9279-423F-9818-C0B8FDEA8A30}.Debug|x86.ActiveCfg = Debug|x86
		{C5C5DBDA-9279-423F-9818-C0B8FDEA8A30}.Debug|x86.Build.0 = Debug|x86
		{C5C5DBDA-9279-423F-9818-C0B8FDEA8A30}.Debug|x86.Deploy.0 = Debug|x86
		{C5C5DBDA-9279-423F-9818-C0B8FDEA8A30}.Release|Any CPU.ActiveCfg = Release|x86
		{C5C5DBDA-9279-423F-9818-C0B8FDEA8A30}.Release|ARM.ActiveCfg = Release|ARM
		{C5C5DBDA-9279-423F-9818-C0B8FDEA8A30}.Release|ARM.Build.0 = Release|ARM
		{C5C5DBDA-9279-423F-9818-C0B8FDEA8A30}.Release|ARM.Deploy.0 = Release|ARM
		{C5C5DBDA-9279-423F-9818-C0B8FDEA8A30}.Release|x64.ActiveCfg = Release|x64
		{C5C5DBDA-9279-423F-9818-C0B8FDEA8A30}.Release|x64.Build.0 = Release|x64
		{C5C5DBDA-9279-423F-9818-C0B8FDEA8A30}.Release|x64.Deploy.0 = Release|x64
		{C5C5DBDA-9279-423F-9818-C0B8FDEA8A30}.Release|x86.ActiveCfg = Release|x86
		{C5C5DBDA-9279-423F-9818-C0B8FDEA8A30}.Release|x86.Build.0 = Release|x86
		{C5C5DBDA-9279-423F-9818-C0B8FDEA8A30}.Release|x86.Deploy.0 = Release|x86
		{B837829E-F2FA-43F5-AC1B-4ECA9F35202D}.Debug|Any CPU.ActiveCfg = Debug|Any CPU
		{B837829E-F2FA-43F5-AC1B-4ECA9F35202D}.Debug|Any CPU.Build.0 = Debug|Any CPU
		{B837829E-F2FA-43F5-AC1B-4ECA9F35202D}.Debug|ARM.ActiveCfg = Debug|ARM
		{B837829E-F2FA-43F5-AC1B-4ECA9F35202D}.Debug|ARM.Build.0 = Debug|ARM
		{B837829E-F2FA-43F5-AC1B-4ECA9F35202D}.Debug|x64.ActiveCfg = Debug|x64
		{B837829E-F2FA-43F5-AC1B-4ECA9F35202D}.Debug|x64.Build.0 = Debug|x64
		{B837829E-F2FA-43F5-AC1B-4ECA9F35202D}.Debug|x86.ActiveCfg = Debug|x86
		{B837829E-F2FA-43F5-AC1B-4ECA9F35202D}.Debug|x86.Build.0 = Debug|x86
		{B837829E-F2FA-43F5-AC1B-4ECA9F35202D}.Release|Any CPU.ActiveCfg = Release|Any CPU
		{B837829E-F2FA-43F5-AC1B-4ECA9F35202D}.Release|Any CPU.Build.0 = Release|Any CPU
		{B837829E-F2FA-43F5-AC1B-4ECA9F35202D}.Release|ARM.ActiveCfg = Release|ARM
		{B837829E-F2FA-43F5-AC1B-4ECA9F35202D}.Release|ARM.Build.0 = Release|ARM
		{B837829E-F2FA-43F5-AC1B-4ECA9F35202D}.Release|x64.ActiveCfg = Release|x64
		{B837829E-F2FA-43F5-AC1B-4ECA9F35202D}.Release|x64.Build.0 = Release|x64
		{B837829E-F2FA-43F5-AC1B-4ECA9F35202D}.Release|x86.ActiveCfg = Release|x86
		{B837829E-F2FA-43F5-AC1B-4ECA9F35202D}.Release|x86.Build.0 = Release|x86
		{F09AEE0C-C66F-49C4-BB00-51210BA5EB1E}.Debug|Any CPU.ActiveCfg = Debug|Any CPU
		{F09AEE0C-C66F-49C4-BB00-51210BA5EB1E}.Debug|Any CPU.Build.0 = Debug|Any CPU
		{F09AEE0C-C66F-49C4-BB00-51210BA5EB1E}.Debug|ARM.ActiveCfg = Debug|ARM
		{F09AEE0C-C66F-49C4-BB00-51210BA5EB1E}.Debug|ARM.Build.0 = Debug|ARM
		{F09AEE0C-C66F-49C4-BB00-51210BA5EB1E}.Debug|x64.ActiveCfg = Debug|x64
		{F09AEE0C-C66F-49C4-BB00-51210BA5EB1E}.Debug|x64.Build.0 = Debug|x64
		{F09AEE0C-C66F-49C4-BB00-51210BA5EB1E}.Debug|x86.ActiveCfg = Debug|x86
		{F09AEE0C-C66F-49C4-BB00-51210BA5EB1E}.Debug|x86.Build.0 = Debug|x86
		{F09AEE0C-C66F-49C4-BB00-51210BA5EB1E}.Release|Any CPU.ActiveCfg = Release|Any CPU
		{F09AEE0C-C66F-49C4-BB00-51210BA5EB1E}.Release|Any CPU.Build.0 = Release|Any CPU
		{F09AEE0C-C66F-49C4-BB00-51210BA5EB1E}.Release|ARM.ActiveCfg = Release|ARM
		{F09AEE0C-C66F-49C4-BB00-51210BA5EB1E}.Release|ARM.Build.0 = Release|ARM
		{F09AEE0C-C66F-49C4-BB00-51210BA5EB1E}.Release|x64.ActiveCfg = Release|x64
		{F09AEE0C-C66F-49C4-BB00-51210BA5EB1E}.Release|x64.Build.0 = Release|x64
		{F09AEE0C-C66F-49C4-BB00-51210BA5EB1E}.Release|x86.ActiveCfg = Release|x86
		{F09AEE0C-C66F-49C4-BB00-51210BA5EB1E}.Release|x86.Build.0 = Release|x86
		{CA331B8A-C537-47AC-9018-FB40D9F90E5E}.Debug|Any CPU.ActiveCfg = Debug|Any CPU
		{CA331B8A-C537-47AC-9018-FB40D9F90E5E}.Debug|Any CPU.Build.0 = Debug|Any CPU
		{CA331B8A-C537-47AC-9018-FB40D9F90E5E}.Debug|ARM.ActiveCfg = Debug|ARM
		{CA331B8A-C537-47AC-9018-FB40D9F90E5E}.Debug|ARM.Build.0 = Debug|ARM
		{CA331B8A-C537-47AC-9018-FB40D9F90E5E}.Debug|x64.ActiveCfg = Debug|x64
		{CA331B8A-C537-47AC-9018-FB40D9F90E5E}.Debug|x64.Build.0 = Debug|x64
		{CA331B8A-C537-47AC-9018-FB40D9F90E5E}.Debug|x86.ActiveCfg = Debug|x86
		{CA331B8A-C537-47AC-9018-FB40D9F90E5E}.Debug|x86.Build.0 = Debug|x86
		{CA331B8A-C537-47AC-9018-FB40D9F90E5E}.Release|Any CPU.ActiveCfg = Release|Any CPU
		{CA331B8A-C537-47AC-9018-FB40D9F90E5E}.Release|Any CPU.Build.0 = Release|Any CPU
		{CA331B8A-C537-47AC-9018-FB40D9F90E5E}.Release|ARM.ActiveCfg = Release|ARM
		{CA331B8A-C537-47AC-9018-FB40D9F90E5E}.Release|ARM.Build.0 = Release|ARM
		{CA331B8A-C537-47AC-9018-FB40D9F90E5E}.Release|x64.ActiveCfg = Release|x64
		{CA331B8A-C537-47AC-9018-FB40D9F90E5E}.Release|x64.Build.0 = Release|x64
		{CA331B8A-C537-47AC-9018-FB40D9F90E5E}.Release|x86.ActiveCfg = Release|x86
		{CA331B8A-C537-47AC-9018-FB40D9F90E5E}.Release|x86.Build.0 = Release|x86
		{646248E6-FB3E-4354-B8C4-2C81A219CD50}.Debug|Any CPU.ActiveCfg = Debug|Any CPU
		{646248E6-FB3E-4354-B8C4-2C81A219CD50}.Debug|Any CPU.Build.0 = Debug|Any CPU
		{646248E6-FB3E-4354-B8C4-2C81A219CD50}.Debug|ARM.ActiveCfg = Debug|ARM
		{646248E6-FB3E-4354-B8C4-2C81A219CD50}.Debug|ARM.Build.0 = Debug|ARM
		{646248E6-FB3E-4354-B8C4-2C81A219CD50}.Debug|x64.ActiveCfg = Debug|x64
		{646248E6-FB3E-4354-B8C4-2C81A219CD50}.Debug|x64.Build.0 = Debug|x64
		{646248E6-FB3E-4354-B8C4-2C81A219CD50}.Debug|x86.ActiveCfg = Debug|x86
		{646248E6-FB3E-4354-B8C4-2C81A219CD50}.Debug|x86.Build.0 = Debug|x86
		{646248E6-FB3E-4354-B8C4-2C81A219CD50}.Release|Any CPU.ActiveCfg = Release|Any CPU
		{646248E6-FB3E-4354-B8C4-2C81A219CD50}.Release|Any CPU.Build.0 = Release|Any CPU
		{646248E6-FB3E-4354-B8C4-2C81A219CD50}.Release|ARM.ActiveCfg = Release|ARM
		{646248E6-FB3E-4354-B8C4-2C81A219CD50}.Release|ARM.Build.0 = Release|ARM
		{646248E6-FB3E-4354-B8C4-2C81A219CD50}.Release|x64.ActiveCfg = Release|x64
		{646248E6-FB3E-4354-B8C4-2C81A219CD50}.Release|x64.Build.0 = Release|x64
		{646248E6-FB3E-4354-B8C4-2C81A219CD50}.Release|x86.ActiveCfg = Release|x86
		{646248E6-FB3E-4354-B8C4-2C81A219CD50}.Release|x86.Build.0 = Release|x86
		{2F5F2F93-92CC-4B3B-914D-2EC8D0CFC4BA}.Debug|Any CPU.ActiveCfg = Debug|Any CPU
		{2F5F2F93-92CC-4B3B-914D-2EC8D0CFC4BA}.Debug|Any CPU.Build.0 = Debug|Any CPU
		{2F5F2F93-92CC-4B3B-914D-2EC8D0CFC4BA}.Debug|ARM.ActiveCfg = Debug|ARM
		{2F5F2F93-92CC-4B3B-914D-2EC8D0CFC4BA}.Debug|ARM.Build.0 = Debug|ARM
		{2F5F2F93-92CC-4B3B-914D-2EC8D0CFC4BA}.Debug|x64.ActiveCfg = Debug|x64
		{2F5F2F93-92CC-4B3B-914D-2EC8D0CFC4BA}.Debug|x64.Build.0 = Debug|x64
		{2F5F2F93-92CC-4B3B-914D-2EC8D0CFC4BA}.Debug|x86.ActiveCfg = Debug|x86
		{2F5F2F93-92CC-4B3B-914D-2EC8D0CFC4BA}.Debug|x86.Build.0 = Debug|x86
		{2F5F2F93-92CC-4B3B-914D-2EC8D0CFC4BA}.Release|Any CPU.ActiveCfg = Release|Any CPU
		{2F5F2F93-92CC-4B3B-914D-2EC8D0CFC4BA}.Release|Any CPU.Build.0 = Release|Any CPU
		{2F5F2F93-92CC-4B3B-914D-2EC8D0CFC4BA}.Release|ARM.ActiveCfg = Release|ARM
		{2F5F2F93-92CC-4B3B-914D-2EC8D0CFC4BA}.Release|ARM.Build.0 = Release|ARM
		{2F5F2F93-92CC-4B3B-914D-2EC8D0CFC4BA}.Release|x64.ActiveCfg = Release|x64
		{2F5F2F93-92CC-4B3B-914D-2EC8D0CFC4BA}.Release|x64.Build.0 = Release|x64
		{2F5F2F93-92CC-4B3B-914D-2EC8D0CFC4BA}.Release|x86.ActiveCfg = Release|x86
		{2F5F2F93-92CC-4B3B-914D-2EC8D0CFC4BA}.Release|x86.Build.0 = Release|x86
	EndGlobalSection
	GlobalSection(SolutionProperties) = preSolution
		HideSolutionNode = FALSE
	EndGlobalSection
EndGlobal
